
Microsoft Visual Studio Solution File, Format Version 12.00
# Visual Studio Version 16
VisualStudioVersion = 16.0.30711.63
MinimumVisualStudioVersion = 10.0.40219.1
Project("{FAE04EC0-301F-11D3-BF4B-00C04F79EFBC}") = "PollBall", "PollBall\PollBall.csproj", "{9E5A4EDF-C533-436A-A11D-262FAD73C752}"
EndProject
Global
	GlobalSection(SolutionConfigurationPlatforms) = preSolution
		Debug|Any CPU = Debug|Any CPU
		Release|Any CPU = Release|Any CPU
	EndGlobalSection
	GlobalSection(ProjectConfigurationPlatforms) = postSolution
		{9E5A4EDF-C533-436A-A11D-262FAD73C752}.Debug|Any CPU.ActiveCfg = Debug|Any CPU
		{9E5A4EDF-C533-436A-A11D-262FAD73C752}.Debug|Any CPU.Build.0 = Debug|Any CPU
		{9E5A4EDF-C533-436A-A11D-262FAD73C752}.Release|Any CPU.ActiveCfg = Release|Any CPU
		{9E5A4EDF-C533-436A-A11D-262FAD73C752}.Release|Any CPU.Build.0 = Release|Any CPU
	EndGlobalSection
	GlobalSection(SolutionProperties) = preSolution
		HideSolutionNode = FALSE
	EndGlobalSection
	GlobalSection(ExtensibilityGlobals) = postSolution
		SolutionGuid = {62870923-ECD7-4BEE-881F-37F499FC2112}
	EndGlobalSection
EndGlobal
